{
  "name": "notification-scheduler",
  "version": "1.0.0",
  "lockfileVersion": 1,
  "requires": true,
  "dependencies": {
    "@types/google-apps-script": {
      "version": "0.0.44",
      "resolved": "https://registry.npmjs.org/@types/google-apps-script/-/google-apps-script-0.0.44.tgz",
      "integrity": "sha512-572LQZmzf7Ym7e1vBGFiL/893gLQHACQQ/BxAOO9jkWid0twEwtZSy250wyAMz8QMuGceKz7US1f7c5dJ3JgzA=="
    }
  }
}
